
Microsoft Visual Studio Solution File, Format Version 12.00
# Visual Studio Version 17
VisualStudioVersion = 17.0.31903.59
MinimumVisualStudioVersion = 10.0.40219.1
Project("{9A19103F-16F7-4668-BE54-9A1E7A4F7556}") = "CarRentalManagement.Server", "CarRentalManagement\Server\CarRentalManagement.Server.csproj", "{B54717BD-3F04-45D2-962F-1901E70E2627}"
EndProject
Project("{9A19103F-16F7-4668-BE54-9A1E7A4F7556}") = "CarRentalManagement.Client", "CarRentalManagement\Client\CarRentalManagement.Client.csproj", "{F84067CB-FF5F-4047-B398-4E892BF13332}"
EndProject
Project("{9A19103F-16F7-4668-BE54-9A1E7A4F7556}") = "CarRentalManagement.Shared", "CarRentalManagement\Shared\CarRentalManagement.Shared.csproj", "{09E3572A-8180-4B86-8E3A-AE11FEF78B0B}"
EndProject
Global
	GlobalSection(SolutionConfigurationPlatforms) = preSolution
		Debug|Any CPU = Debug|Any CPU
		Release|Any CPU = Release|Any CPU
	EndGlobalSection
	GlobalSection(ProjectConfigurationPlatforms) = postSolution
		{B54717BD-3F04-45D2-962F-1901E70E2627}.Debug|Any CPU.ActiveCfg = Debug|Any CPU
		{B54717BD-3F04-45D2-962F-1901E70E2627}.Debug|Any CPU.Build.0 = Debug|Any CPU
		{B54717BD-3F04-45D2-962F-1901E70E2627}.Release|Any CPU.ActiveCfg = Release|Any CPU
		{B54717BD-3F04-45D2-962F-1901E70E2627}.Release|Any CPU.Build.0 = Release|Any CPU
		{F84067CB-FF5F-4047-B398-4E892BF13332}.Debug|Any CPU.ActiveCfg = Debug|Any CPU
		{F84067CB-FF5F-4047-B398-4E892BF13332}.Debug|Any CPU.Build.0 = Debug|Any CPU
		{F84067CB-FF5F-4047-B398-4E892BF13332}.Release|Any CPU.ActiveCfg = Release|Any CPU
		{F84067CB-FF5F-4047-B398-4E892BF13332}.Release|Any CPU.Build.0 = Release|Any CPU
		{09E3572A-8180-4B86-8E3A-AE11FEF78B0B}.Debug|Any CPU.ActiveCfg = Debug|Any CPU
		{09E3572A-8180-4B86-8E3A-AE11FEF78B0B}.Debug|Any CPU.Build.0 = Debug|Any CPU
		{09E3572A-8180-4B86-8E3A-AE11FEF78B0B}.Release|Any CPU.ActiveCfg = Release|Any CPU
		{09E3572A-8180-4B86-8E3A-AE11FEF78B0B}.Release|Any CPU.Build.0 = Release|Any CPU
	EndGlobalSection
	GlobalSection(SolutionProperties) = preSolution
		HideSolutionNode = FALSE
	EndGlobalSection
	GlobalSection(ExtensibilityGlobals) = postSolution
		SolutionGuid = {3958FF47-EDC1-4D8A-BD88-5349DAE32A5D}
	EndGlobalSection
EndGlobal
